
Microsoft Visual Studio Solution File, Format Version 12.00
# Visual Studio Version 16
VisualStudioVersion = 16.0.29709.97
MinimumVisualStudioVersion = 10.0.40219.1
Project("{FAE04EC0-301F-11D3-BF4B-00C04F79EFBC}") = "Adventure Game", "Adventure Game\Adventure Game.csproj", "{BD9D0B09-4332-4BAF-AEBD-8EE6C6C909B0}"
EndProject
Global
	GlobalSection(SolutionConfigurationPlatforms) = preSolution
		Debug|Any CPU = Debug|Any CPU
		Release|Any CPU = Release|Any CPU
	EndGlobalSection
	GlobalSection(ProjectConfigurationPlatforms) = postSolution
		{BD9D0B09-4332-4BAF-AEBD-8EE6C6C909B0}.Debug|Any CPU.ActiveCfg = Debug|Any CPU
		{BD9D0B09-4332-4BAF-AEBD-8EE6C6C909B0}.Debug|Any CPU.Build.0 = Debug|Any CPU
		{BD9D0B09-4332-4BAF-AEBD-8EE6C6C909B0}.Release|Any CPU.ActiveCfg = Release|Any CPU
		{BD9D0B09-4332-4BAF-AEBD-8EE6C6C909B0}.Release|Any CPU.Build.0 = Release|Any CPU
	EndGlobalSection
	GlobalSection(SolutionProperties) = preSolution
		HideSolutionNode = FALSE
	EndGlobalSection
	GlobalSection(ExtensibilityGlobals) = postSolution
		SolutionGuid = {60AD03E1-BD62-45D2-8C05-7FF061FDEC90}
	EndGlobalSection
EndGlobal
